
Microsoft Visual Studio Solution File, Format Version 12.00
# Visual Studio Version 16
VisualStudioVersion = 16.0.28803.202
MinimumVisualStudioVersion = 10.0.40219.1
Project("{FAE04EC0-301F-11D3-BF4B-00C04F79EFBC}") = "VentaDeDiscos", "VentaDeDiscos\VentaDeDiscos.csproj", "{BFCB0429-196C-4A20-8220-6086C8D1BF9A}"
EndProject
Global
	GlobalSection(SolutionConfigurationPlatforms) = preSolution
		Debug|Any CPU = Debug|Any CPU
		Release|Any CPU = Release|Any CPU
	EndGlobalSection
	GlobalSection(ProjectConfigurationPlatforms) = postSolution
		{BFCB0429-196C-4A20-8220-6086C8D1BF9A}.Debug|Any CPU.ActiveCfg = Debug|Any CPU
		{BFCB0429-196C-4A20-8220-6086C8D1BF9A}.Debug|Any CPU.Build.0 = Debug|Any CPU
		{BFCB0429-196C-4A20-8220-6086C8D1BF9A}.Release|Any CPU.ActiveCfg = Release|Any CPU
		{BFCB0429-196C-4A20-8220-6086C8D1BF9A}.Release|Any CPU.Build.0 = Release|Any CPU
	EndGlobalSection
	GlobalSection(SolutionProperties) = preSolution
		HideSolutionNode = FALSE
	EndGlobalSection
	GlobalSection(ExtensibilityGlobals) = postSolution
		SolutionGuid = {62998B65-83CB-4467-ABE5-611355206384}
	EndGlobalSection
EndGlobal
